// !$*UTF8*$!
{
	archiveVersion = 1;
	classes = {
	};
	objectVersion = 50;
	objects = {

/* Begin PBXBuildFile section */
		FE3B3694244FF06F00E83CCD /* AppDelegate.m in Sources */ = {isa = PBXBuildFile; fileRef = FE3B3693244FF06F00E83CCD /* AppDelegate.m */; };
		FE3B369A244FF06F00E83CCD /* ViewController.m in Sources */ = {isa = PBXBuildFile; fileRef = FE3B3699244FF06F00E83CCD /* ViewController.m */; };
		FE3B369D244FF06F00E83CCD /* Main.storyboard in Resources */ = {isa = PBXBuildFile; fileRef = FE3B369B244FF06F00E83CCD /* Main.storyboard */; };
		FE3B369F244FF07000E83CCD /* Assets.xcassets in Resources */ = {isa = PBXBuildFile; fileRef = FE3B369E244FF07000E83CCD /* Assets.xcassets */; };
		FE3B36A2244FF07000E83CCD /* LaunchScreen.storyboard in Resources */ = {isa = PBXBuildFile; fileRef = FE3B36A0244FF07000E83CCD /* LaunchScreen.storyboard */; };
		FE3B36A5244FF07000E83CCD /* main.m in Sources */ = {isa = PBXBuildFile; fileRef = FE3B36A4244FF07000E83CCD /* main.m */; };
/* End PBXBuildFile section */

/* Begin PBXFileReference section */
		FE3B368F244FF06F00E83CCD /* YSIMQClient_Demo.app */ = {isa = PBXFileReference; explicitFileType = wrapper.application; includeInIndex = 0; path = YSIMQClient_Demo.app; sourceTree = BUILT_PRODUCTS_DIR; };
		FE3B3692244FF06F00E83CCD /* AppDelegate.h */ = {isa = PBXFileReference; lastKnownFileType = sourcecode.c.h; path = AppDelegate.h; sourceTree = "<group>"; };
		FE3B3693244FF06F00E83CCD /* AppDelegate.m */ = {isa = PBXFileReference; lastKnownFileType = sourcecode.c.objc; path = AppDelegate.m; sourceTree = "<group>"; };
		FE3B3698244FF06F00E83CCD /* ViewController.h */ = {isa = PBXFileReference; lastKnownFileType = sourcecode.c.h; path = ViewController.h; sourceTree = "<group>"; };
		FE3B3699244FF06F00E83CCD /* ViewController.m */ = {isa = PBXFileReference; lastKnownFileType = sourcecode.c.objc; path = ViewController.m; sourceTree = "<group>"; };
		FE3B369C244FF06F00E83CCD /* Base */ = {isa = PBXFileReference; lastKnownFileType = file.storyboard; name = Base; path = Base.lproj/Main.storyboard; sourceTree = "<group>"; };
		FE3B369E244FF07000E83CCD /* Assets.xcassets */ = {isa = PBXFileReference; lastKnownFileType = folder.assetcatalog; path = Assets.xcassets; sourceTree = "<group>"; };
		FE3B36A1244FF07000E83CCD /* Base */ = {isa = PBXFileReference; lastKnownFileType = file.storyboard; name = Base; path = Base.lproj/LaunchScreen.storyboard; sourceTree = "<group>"; };
		FE3B36A3244FF07000E83CCD /* Info.plist */ = {isa = PBXFileReference; lastKnownFileType = text.plist.xml; path = Info.plist; sourceTree = "<group>"; };
		FE3B36A4244FF07000E83CCD /* main.m */ = {isa = PBXFileReference; lastKnownFileType = sourcecode.c.objc; path = main.m; sourceTree = "<group>"; };
/* End PBXFileReference section */

/* Begin PBXFrameworksBuildPhase section */
		FE3B368C244FF06F00E83CCD /* Frameworks */ = {
			isa = PBXFrameworksBuildPhase;
			buildActionMask = 2147483647;
			files = (
			);
			runOnlyForDeploymentPostprocessing = 0;
		};
/* End PBXFrameworksBuildPhase section */

/* Begin PBXGroup section */
		FE3B3686244FF06F00E83CCD = {
			isa = PBXGroup;
			children = (
				FE3B3691244FF06F00E83CCD /* YSIMQClient_Demo */,
				FE3B3690244FF06F00E83CCD /* Products */,
			);
			sourceTree = "<group>";
		};
		FE3B3690244FF06F00E83CCD /* Products */ = {
			isa = PBXGroup;
			children = (
				FE3B368F244FF06F00E83CCD /* YSIMQClient_Demo.app */,
			);
			name = Products;
			sourceTree = "<group>";
		};
		FE3B3691244FF06F00E83CCD /* YSIMQClient_Demo */ = {
			isa = PBXGroup;
			children = (
				FE3B3692244FF06F00E83CCD /* AppDelegate.h */,
				FE3B3693244FF06F00E83CCD /* AppDelegate.m */,
				FE3B3698244FF06F00E83CCD /* ViewController.h */,
				FE3B3699244FF06F00E83CCD /* ViewController.m */,
				FE3B369B244FF06F00E83CCD /* Main.storyboard */,
				FE3B369E244FF07000E83CCD /* Assets.xcassets */,
				FE3B36A0244FF07000E83CCD /* LaunchScreen.storyboard */,
				FE3B36A3244FF07000E83CCD /* Info.plist */,
				FE3B36A4244FF07000E83CCD /* main.m */,
			);
			path = YSIMQClient_Demo;
			sourceTree = "<group>";
		};
/* End PBXGroup section */

/* Begin PBXNativeTarget section */
		FE3B368E244FF06F00E83CCD /* YSIMQClient_Demo */ = {
			isa = PBXNativeTarget;
			buildConfigurationList = FE3B36A8244FF07000E83CCD /* Build configuration list for PBXNativeTarget "YSIMQClient_Demo" */;
			buildPhases = (
				FE3B368B244FF06F00E83CCD /* Sources */,
				FE3B368C244FF06F00E83CCD /* Frameworks */,
				FE3B368D244FF06F00E83CCD /* Resources */,
			);
			buildRules = (
			);
			dependencies = (
			);
			name = YSIMQClient_Demo;
			productName = YSIMQClient_Demo;
			productReference = FE3B368F244FF06F00E83CCD /* YSIMQClient_Demo.app */;
			productType = "com.apple.product-type.application";
		};
/* End PBXNativeTarget section */

/* Begin PBXProject section */
		FE3B3687244FF06F00E83CCD /* Project object */ = {
			isa = PBXProject;
			attributes = {
				LastUpgradeCheck = 1130;
				ORGANIZATIONNAME = "山楂树";
				TargetAttributes = {
					FE3B368E244FF06F00E83CCD = {
						CreatedOnToolsVersion = 11.3.1;
					};
				};
			};
			buildConfigurationList = FE3B368A244FF06F00E83CCD /* Build configuration list for PBXProject "YSIMQClient_Demo" */;
			compatibilityVersion = "Xcode 9.3";
			developmentRegion = en;
			hasScannedForEncodings = 0;
			knownRegions = (
				en,
				Base,
			);
			mainGroup = FE3B3686244FF06F00E83CCD;
			productRefGroup = FE3B3690244FF06F00E83CCD /* Products */;
			projectDirPath = "";
			projectRoot = "";
			targets = (
				FE3B368E244FF06F00E83CCD /* YSIMQClient_Demo */,
			);
		};
/* End PBXProject section */

/* Begin PBXResourcesBuildPhase section */
		FE3B368D244FF06F00E83CCD /* Resources */ = {
			isa = PBXResourcesBuildPhase;
			buildActionMask = 2147483647;
			files = (
				FE3B36A2244FF07000E83CCD /* LaunchScreen.storyboard in Resources */,
				FE3B369F244FF07000E83CCD /* Assets.xcassets in Resources */,
				FE3B369D244FF06F00E83CCD /* Main.storyboard in Resources */,
			);
			runOnlyForDeploymentPostprocessing = 0;
		};
/* End PBXResourcesBuildPhase section */

/* Begin PBXSourcesBuildPhase section */
		FE3B368B244FF06F00E83CCD /* Sources */ = {
			isa = PBXSourcesBuildPhase;
			buildActionMask = 2147483647;
			files = (
				FE3B369A244FF06F00E83CCD /* ViewController.m in Sources */,
				FE3B3694244FF06F00E83CCD /* AppDelegate.m in Sources */,
				FE3B36A5244FF07000E83CCD /* main.m in Sources */,
			);
			runOnlyForDeploymentPostprocessing = 0;
		};
/* End PBXSourcesBuildPhase section */

/* Begin PBXVariantGroup section */
		FE3B369B244FF06F00E83CCD /* Main.storyboard */ = {
			isa = PBXVariantGroup;
			children = (
				FE3B369C244FF06F00E83CCD /* Base */,
			);
			name = Main.storyboard;
			sourceTree = "<group>";
		};
		FE3B36A0244FF07000E83CCD /* LaunchScreen.storyboard */ = {
			isa = PBXVariantGroup;
			children = (
				FE3B36A1244FF07000E83CCD /* Base */,
			);
			name = LaunchScreen.storyboard;
			sourceTree = "<group>";
		};
/* End PBXVariantGroup section */

/* Begin XCBuildConfiguration section */
		FE3B36A6244FF07000E83CCD /* Debug */ = {
			isa = XCBuildConfiguration;
			buildSettings = {
				ALWAYS_SEARCH_USER_PATHS = NO;
				CLANG_ANALYZER_NONNULL = YES;
				CLANG_ANALYZER_NUMBER_OBJECT_CONVERSION = YES_AGGRESSIVE;
				CLANG_CXX_LANGUAGE_STANDARD = "gnu++14";
				CLANG_CXX_LIBRARY = "libc++";
				CLANG_ENABLE_MODULES = YES;
				CLANG_ENABLE_OBJC_ARC = YES;
				CLANG_ENABLE_OBJC_WEAK = YES;
				CLANG_WARN_BLOCK_CAPTURE_AUTORELEASING = YES;
				CLANG_WARN_BOOL_CONVERSION = YES;
				CLANG_WARN_COMMA = YES;
				CLANG_WARN_CONSTANT_CONVERSION = YES;
				CLANG_WARN_DEPRECATED_OBJC_IMPLEMENTATIONS = YES;
				CLANG_WARN_DIRECT_OBJC_ISA_USAGE = YES_ERROR;
				CLANG_WARN_DOCUMENTATION_COMMENTS = YES;
				CLANG_WARN_EMPTY_BODY = YES;
				CLANG_WARN_ENUM_CONVERSION = YES;
				CLANG_WARN_INFINITE_RECURSION = YES;
				CLANG_WARN_INT_CONVERSION = YES;
				CLANG_WARN_NON_LITERAL_NULL_CONVERSION = YES;
				CLANG_WARN_OBJC_IMPLICIT_RETAIN_SELF = YES;
				CLANG_WARN_OBJC_LITERAL_CONVERSION = YES;
				CLANG_WARN_OBJC_ROOT_CLASS = YES_ERROR;
				CLANG_WARN_RANGE_LOOP_ANALYSIS = YES;
				CLANG_WARN_STRICT_PROTOTYPES = YES;
				CLANG_WARN_SUSPICIOUS_MOVE = YES;
				CLANG_WARN_UNGUARDED_AVAILABILITY = YES_AGGRESSIVE;
				CLANG_WARN_UNREACHABLE_CODE = YES;
				CLANG_WARN__DUPLICATE_METHOD_MATCH = YES;
				COPY_PHASE_STRIP = NO;
				DEBUG_INFORMATION_FORMAT = dwarf;
				ENABLE_STRICT_OBJC_MSGSEND = YES;
				ENABLE_TESTABILITY = YES;
				GCC_C_LANGUAGE_STANDARD = gnu11;
				GCC_DYNAMIC_NO_PIC = NO;
				GCC_NO_COMMON_BLOCKS = YES;
				GCC_OPTIMIZATION_LEVEL = 0;
				GCC_PREPROCESSOR_DEFINITIONS = (
					"DEBUG=1",
					"$(inherited)",
				);
				GCC_WARN_64_TO_32_BIT_CONVERSION = YES;
				GCC_WARN_ABOUT_RETURN_TYPE = YES_ERROR;
				GCC_WARN_UNDECLARED_SELECTOR = YES;
				GCC_WARN_UNINITIALIZED_AUTOS = YES_AGGRESSIVE;
				GCC_WARN_UNUSED_FUNCTION = YES;
				GCC_WARN_UNUSED_VARIABLE = YES;
				IPHONEOS_DEPLOYMENT_TARGET = 13.2;
				MTL_ENABLE_DEBUG_INFO = INCLUDE_SOURCE;
				MTL_FAST_MATH = YES;
				ONLY_ACTIVE_ARCH = YES;
				SDKROOT = iphoneos;
			};
			name = Debug;
		};
		FE3B36A7244FF07000E83CCD /* Release */ = {
			isa = XCBuildConfiguration;
			buildSettings = {
				ALWAYS_SEARCH_USER_PATHS = NO;
				CLANG_ANALYZER_NONNULL = YES;
				CLANG_ANALYZER_NUMBER_OBJECT_CONVERSION = YES_AGGRESSIVE;
				CLANG_CXX_LANGUAGE_STANDARD = "gnu++14";
				CLANG_CXX_LIBRARY = "libc++";
				CLANG_ENABLE_MODULES = YES;
				CLANG_ENABLE_OBJC_ARC = YES;
				CLANG_ENABLE_OBJC_WEAK = YES;
				CLANG_WARN_BLOCK_CAPTURE_AUTORELEASING = YES;
				CLANG_WARN_BOOL_CONVERSION = YES;
				CLANG_WARN_COMMA = YES;
				CLANG_WARN_CONSTANT_CONVERSION = YES;
				CLANG_WARN_DEPRECATED_OBJC_IMPLEMENTATIONS = YES;
				CLANG_WARN_DIRECT_OBJC_ISA_USAGE = YES_ERROR;
				CLANG_WARN_DOCUMENTATION_COMMENTS = YES;
				CLANG_WARN_EMPTY_BODY = YES;
				CLANG_WARN_ENUM_CONVERSION = YES;
				CLANG_WARN_INFINITE_RECURSION = YES;
				CLANG_WARN_INT_CONVERSION = YES;
				CLANG_WARN_NON_LITERAL_NULL_CONVERSION = YES;
				CLANG_WARN_OBJC_IMPLICIT_RETAIN_SELF = YES;
				CLANG_WARN_OBJC_LITERAL_CONVERSION = YES;
				CLANG_WARN_OBJC_ROOT_CLASS = YES_ERROR;
				CLANG_WARN_RANGE_LOOP_ANALYSIS = YES;
				CLANG_WARN_STRICT_PROTOTYPES = YES;
				CLANG_WARN_SUSPICIOUS_MOVE = YES;
				CLANG_WARN_UNGUARDED_AVAILABILITY = YES_AGGRESSIVE;
				CLANG_WARN_UNREACHABLE_CODE = YES;
				CLANG_WARN__DUPLICATE_METHOD_MATCH = YES;
				COPY_PHASE_STRIP = NO;
				DEBUG_INFORMATION_FORMAT = "dwarf-with-dsym";
				ENABLE_NS_ASSERTIONS = NO;
				ENABLE_STRICT_OBJC_MSGSEND = YES;
				GCC_C_LANGUAGE_STANDARD = gnu11;
				GCC_NO_COMMON_BLOCKS = YES;
				GCC_WARN_64_TO_32_BIT_CONVERSION = YES;
				GCC_WARN_ABOUT_RETURN_TYPE = YES_ERROR;
				GCC_WARN_UNDECLARED_SELECTOR = YES;
				GCC_WARN_UNINITIALIZED_AUTOS = YES_AGGRESSIVE;
				GCC_WARN_UNUSED_FUNCTION = YES;
				GCC_WARN_UNUSED_VARIABLE = YES;
				IPHONEOS_DEPLOYMENT_TARGET = 13.2;
				MTL_ENABLE_DEBUG_INFO = NO;
				MTL_FAST_MATH = YES;
				SDKROOT = iphoneos;
				VALIDATE_PRODUCT = YES;
			};
			name = Release;
		};
		FE3B36A9244FF07000E83CCD /* Debug */ = {
			isa = XCBuildConfiguration;
			buildSettings = {
				ASSETCATALOG_COMPILER_APPICON_NAME = AppIcon;
				CODE_SIGN_STYLE = Automatic;
				INFOPLIST_FILE = YSIMQClient_Demo/Info.plist;
				IPHONEOS_DEPLOYMENT_TARGET = 10.0;
				LD_RUNPATH_SEARCH_PATHS = (
					"$(inherited)",
					"@executable_path/Frameworks",
				);
				PRODUCT_BUNDLE_IDENTIFIER = "com.shanzhashu.YSIMQClient-Demo";
				PRODUCT_NAME = "$(TARGET_NAME)";
				TARGETED_DEVICE_FAMILY = "1,2";
			};
			name = Debug;
		};
		FE3B36AA244FF07000E83CCD /* Release */ = {
			isa = XCBuildConfiguration;
			buildSettings = {
				ASSETCATALOG_COMPILER_APPICON_NAME = AppIcon;
				CODE_SIGN_STYLE = Automatic;
				INFOPLIST_FILE = YSIMQClient_Demo/Info.plist;
				IPHONEOS_DEPLOYMENT_TARGET = 10.0;
				LD_RUNPATH_SEARCH_PATHS = (
					"$(inherited)",
					"@executable_path/Frameworks",
				);
				PRODUCT_BUNDLE_IDENTIFIER = "com.shanzhashu.YSIMQClient-Demo";
				PRODUCT_NAME = "$(TARGET_NAME)";
				TARGETED_DEVICE_FAMILY = "1,2";
			};
			name = Release;
		};
/* End XCBuildConfiguration section */

/* Begin XCConfigurationList section */
		FE3B368A244FF06F00E83CCD /* Build configuration list for PBXProject "YSIMQClient_Demo" */ = {
			isa = XCConfigurationList;
			buildConfigurations = (
				FE3B36A6244FF07000E83CCD /* Debug */,
				FE3B36A7244FF07000E83CCD /* Release */,
			);
			defaultConfigurationIsVisible = 0;
			defaultConfigurationName = Release;
		};
		FE3B36A8244FF07000E83CCD /* Build configuration list for PBXNativeTarget "YSIMQClient_Demo" */ = {
			isa = XCConfigurationList;
			buildConfigurations = (
				FE3B36A9244FF07000E83CCD /* Debug */,
				FE3B36AA244FF07000E83CCD /* Release */,
			);
			defaultConfigurationIsVisible = 0;
			defaultConfigurationName = Release;
		};
/* End XCConfigurationList section */
	};
	rootObject = FE3B3687244FF06F00E83CCD /* Project object */;
}
